// !$*UTF8*$!
{
	archiveVersion = 1;
	classes = {
	};
	objectVersion = 48;
	objects = {

/* Begin PBXBuildFile section */
		520218AF1FE3B85E00B66D10 /* AppDelegate.swift in Sources */ = {isa = PBXBuildFile; fileRef = 520218AE1FE3B85E00B66D10 /* AppDelegate.swift */; };
		520218B11FE3B85E00B66D10 /* ViewController.swift in Sources */ = {isa = PBXBuildFile; fileRef = 520218B01FE3B85E00B66D10 /* ViewController.swift */; };
		520218B41FE3B85E00B66D10 /* Main.storyboard in Resources */ = {isa = PBXBuildFile; fileRef = 520218B21FE3B85E00B66D10 /* Main.storyboard */; };
		520218B61FE3B85E00B66D10 /* Assets.xcassets in Resources */ = {isa = PBXBuildFile; fileRef = 520218B51FE3B85E00B66D10 /* Assets.xcassets */; };
		520218B91FE3B85E00B66D10 /* LaunchScreen.storyboard in Resources */ = {isa = PBXBuildFile; fileRef = 520218B71FE3B85E00B66D10 /* LaunchScreen.storyboard */; };
/* End PBXBuildFile section */

/* Begin PBXFileReference section */
		520218AB1FE3B85E00B66D10 /* sqlite-example.app */ = {isa = PBXFileReference; explicitFileType = wrapper.application; includeInIndex = 0; path = "sqlite-example.app"; sourceTree = BUILT_PRODUCTS_DIR; };
		520218AE1FE3B85E00B66D10 /* AppDelegate.swift */ = {isa = PBXFileReference; lastKnownFileType = sourcecode.swift; path = AppDelegate.swift; sourceTree = "<group>"; };
		520218B01FE3B85E00B66D10 /* ViewController.swift */ = {isa = PBXFileReference; lastKnownFileType = sourcecode.swift; path = ViewController.swift; sourceTree = "<group>"; };
		520218B31FE3B85E00B66D10 /* Base */ = {isa = PBXFileReference; lastKnownFileType = file.storyboard; name = Base; path = Base.lproj/Main.storyboard; sourceTree = "<group>"; };
		520218B51FE3B85E00B66D10 /* Assets.xcassets */ = {isa = PBXFileReference; lastKnownFileType = folder.assetcatalog; path = Assets.xcassets; sourceTree = "<group>"; };
		520218B81FE3B85E00B66D10 /* Base */ = {isa = PBXFileReference; lastKnownFileType = file.storyboard; name = Base; path = Base.lproj/LaunchScreen.storyboard; sourceTree = "<group>"; };
		520218BA1FE3B85E00B66D10 /* Info.plist */ = {isa = PBXFileReference; lastKnownFileType = text.plist.xml; path = Info.plist; sourceTree = "<group>"; };
/* End PBXFileReference section */

/* Begin PBXFrameworksBuildPhase section */
		520218A81FE3B85E00B66D10 /* Frameworks */ = {
			isa = PBXFrameworksBuildPhase;
			buildActionMask = 2147483647;
			files = (
			);
			runOnlyForDeploymentPostprocessing = 0;
		};
/* End PBXFrameworksBuildPhase section */

/* Begin PBXGroup section */
		520218A21FE3B85E00B66D10 = {
			isa = PBXGroup;
			children = (
				520218AD1FE3B85E00B66D10 /* sqlite-example */,
				520218AC1FE3B85E00B66D10 /* Products */,
			);
			sourceTree = "<group>";
		};
		520218AC1FE3B85E00B66D10 /* Products */ = {
			isa = PBXGroup;
			children = (
				520218AB1FE3B85E00B66D10 /* sqlite-example.app */,
			);
			name = Products;
			sourceTree = "<group>";
		};
		520218AD1FE3B85E00B66D10 /* sqlite-example */ = {
			isa = PBXGroup;
			children = (
				520218AE1FE3B85E00B66D10 /* AppDelegate.swift */,
				520218B01FE3B85E00B66D10 /* ViewController.swift */,
				520218B21FE3B85E00B66D10 /* Main.storyboard */,
				520218B51FE3B85E00B66D10 /* Assets.xcassets */,
				520218B71FE3B85E00B66D10 /* LaunchScreen.storyboard */,
				520218BA1FE3B85E00B66D10 /* Info.plist */,
			);
			path = "sqlite-example";
			sourceTree = "<group>";
		};
/* End PBXGroup section */

/* Begin PBXNativeTarget section */
		520218AA1FE3B85E00B66D10 /* sqlite-example */ = {
			isa = PBXNativeTarget;
			buildConfigurationList = 520218BD1FE3B85E00B66D10 /* Build configuration list for PBXNativeTarget "sqlite-example" */;
			buildPhases = (
				520218A71FE3B85E00B66D10 /* Sources */,
				520218A81FE3B85E00B66D10 /* Frameworks */,
				520218A91FE3B85E00B66D10 /* Resources */,
			);
			buildRules = (
			);
			dependencies = (
			);
			name = "sqlite-example";
			productName = "sqlite-example";
			productReference = 520218AB1FE3B85E00B66D10 /* sqlite-example.app */;
			productType = "com.apple.product-type.application";
		};
/* End PBXNativeTarget section */

/* Begin PBXProject section */
		520218A31FE3B85E00B66D10 /* Project object */ = {
			isa = PBXProject;
			attributes = {
				LastSwiftUpdateCheck = 0920;
				LastUpgradeCheck = 0920;
				ORGANIZATIONNAME = basicdas;
				TargetAttributes = {
					520218AA1FE3B85E00B66D10 = {
						CreatedOnToolsVersion = 9.2;
						ProvisioningStyle = Automatic;
					};
				};
			};
			buildConfigurationList = 520218A61FE3B85E00B66D10 /* Build configuration list for PBXProject "sqlite-example" */;
			compatibilityVersion = "Xcode 8.0";
			developmentRegion = en;
			hasScannedForEncodings = 0;
			knownRegions = (
				en,
				Base,
			);
			mainGroup = 520218A21FE3B85E00B66D10;
			productRefGroup = 520218AC1FE3B85E00B66D10 /* Products */;
			projectDirPath = "";
			projectRoot = "";
			targets = (
				520218AA1FE3B85E00B66D10 /* sqlite-example */,
			);
		};
/* End PBXProject section */

/* Begin PBXResourcesBuildPhase section */
		520218A91FE3B85E00B66D10 /* Resources */ = {
			isa = PBXResourcesBuildPhase;
			buildActionMask = 2147483647;
			files = (
				520218B91FE3B85E00B66D10 /* LaunchScreen.storyboard in Resources */,
				520218B61FE3B85E00B66D10 /* Assets.xcassets in Resources */,
				520218B41FE3B85E00B66D10 /* Main.storyboard in Resources */,
			);
			runOnlyForDeploymentPostprocessing = 0;
		};
/* End PBXResourcesBuildPhase section */

/* Begin PBXSourcesBuildPhase section */
		520218A71FE3B85E00B66D10 /* Sources */ = {
			isa = PBXSourcesBuildPhase;
			buildActionMask = 2147483647;
			files = (
				520218B11FE3B85E00B66D10 /* ViewController.swift in Sources */,
				520218AF1FE3B85E00B66D10 /* AppDelegate.swift in Sources */,
			);
			runOnlyForDeploymentPostprocessing = 0;
		};
/* End PBXSourcesBuildPhase section */

/* Begin PBXVariantGroup section */
		520218B21FE3B85E00B66D10 /* Main.storyboard */ = {
			isa = PBXVariantGroup;
			children = (
				520218B31FE3B85E00B66D10 /* Base */,
			);
			name = Main.storyboard;
			sourceTree = "<group>";
		};
		520218B71FE3B85E00B66D10 /* LaunchScreen.storyboard */ = {
			isa = PBXVariantGroup;
			children = (
				520218B81FE3B85E00B66D10 /* Base */,
			);
			name = LaunchScreen.storyboard;
			sourceTree = "<group>";
		};
/* End PBXVariantGroup section */

/* Begin XCBuildConfiguration section */
		520218BB1FE3B85E00B66D10 /* Debug */ = {
			isa = XCBuildConfiguration;
			buildSettings = {
				ALWAYS_SEARCH_USER_PATHS = NO;
				CLANG_ANALYZER_NONNULL = YES;
				CLANG_ANALYZER_NUMBER_OBJECT_CONVERSION = YES_AGGRESSIVE;
				CLANG_CXX_LANGUAGE_STANDARD = "gnu++14";
				CLANG_CXX_LIBRARY = "libc++";
				CLANG_ENABLE_MODULES = YES;
				CLANG_ENABLE_OBJC_ARC = YES;
				CLANG_WARN_BLOCK_CAPTURE_AUTORELEASING = YES;
				CLANG_WARN_BOOL_CONVERSION = YES;
				CLANG_WARN_COMMA = YES;
				CLANG_WARN_CONSTANT_CONVERSION = YES;
				CLANG_WARN_DIRECT_OBJC_ISA_USAGE = YES_ERROR;
				CLANG_WARN_DOCUMENTATION_COMMENTS = YES;
				CLANG_WARN_EMPTY_BODY = YES;
				CLANG_WARN_ENUM_CONVERSION = YES;
				CLANG_WARN_INFINITE_RECURSION = YES;
				CLANG_WARN_INT_CONVERSION = YES;
				CLANG_WARN_NON_LITERAL_NULL_CONVERSION = YES;
				CLANG_WARN_OBJC_LITERAL_CONVERSION = YES;
				CLANG_WARN_OBJC_ROOT_CLASS = YES_ERROR;
				CLANG_WARN_RANGE_LOOP_ANALYSIS = YES;
				CLANG_WARN_STRICT_PROTOTYPES = YES;
				CLANG_WARN_SUSPICIOUS_MOVE = YES;
				CLANG_WARN_UNGUARDED_AVAILABILITY = YES_AGGRESSIVE;
				CLANG_WARN_UNREACHABLE_CODE = YES;
				CLANG_WARN__DUPLICATE_METHOD_MATCH = YES;
				CODE_SIGN_IDENTITY = "iPhone Developer";
				COPY_PHASE_STRIP = NO;
				DEBUG_INFORMATION_FORMAT = dwarf;
				ENABLE_STRICT_OBJC_MSGSEND = YES;
				ENABLE_TESTABILITY = YES;
				GCC_C_LANGUAGE_STANDARD = gnu11;
				GCC_DYNAMIC_NO_PIC = NO;
				GCC_NO_COMMON_BLOCKS = YES;
				GCC_OPTIMIZATION_LEVEL = 0;
				GCC_PREPROCESSOR_DEFINITIONS = (
					"DEBUG=1",
					"$(inherited)",
				);
				GCC_WARN_64_TO_32_BIT_CONVERSION = YES;
				GCC_WARN_ABOUT_RETURN_TYPE = YES_ERROR;
				GCC_WARN_UNDECLARED_SELECTOR = YES;
				GCC_WARN_UNINITIALIZED_AUTOS = YES_AGGRESSIVE;
				GCC_WARN_UNUSED_FUNCTION = YES;
				GCC_WARN_UNUSED_VARIABLE = YES;
				IPHONEOS_DEPLOYMENT_TARGET = 11.2;
				MTL_ENABLE_DEBUG_INFO = YES;
				ONLY_ACTIVE_ARCH = YES;
				SDKROOT = iphoneos;
				SWIFT_ACTIVE_COMPILATION_CONDITIONS = DEBUG;
				SWIFT_OPTIMIZATION_LEVEL = "-Onone";
			};
			name = Debug;
		};
		520218BC1FE3B85E00B66D10 /* Release */ = {
			isa = XCBuildConfiguration;
			buildSettings = {
				ALWAYS_SEARCH_USER_PATHS = NO;
				CLANG_ANALYZER_NONNULL = YES;
				CLANG_ANALYZER_NUMBER_OBJECT_CONVERSION = YES_AGGRESSIVE;
				CLANG_CXX_LANGUAGE_STANDARD = "gnu++14";
				CLANG_CXX_LIBRARY = "libc++";
				CLANG_ENABLE_MODULES = YES;
				CLANG_ENABLE_OBJC_ARC = YES;
				CLANG_WARN_BLOCK_CAPTURE_AUTORELEASING = YES;
				CLANG_WARN_BOOL_CONVERSION = YES;
				CLANG_WARN_COMMA = YES;
				CLANG_WARN_CONSTANT_CONVERSION = YES;
				CLANG_WARN_DIRECT_OBJC_ISA_USAGE = YES_ERROR;
				CLANG_WARN_DOCUMENTATION_COMMENTS = YES;
				CLANG_WARN_EMPTY_BODY = YES;
				CLANG_WARN_ENUM_CONVERSION = YES;
				CLANG_WARN_INFINITE_RECURSION = YES;
				CLANG_WARN_INT_CONVERSION = YES;
				CLANG_WARN_NON_LITERAL_NULL_CONVERSION = YES;
				CLANG_WARN_OBJC_LITERAL_CONVERSION = YES;
				CLANG_WARN_OBJC_ROOT_CLASS = YES_ERROR;
				CLANG_WARN_RANGE_LOOP_ANALYSIS = YES;
				CLANG_WARN_STRICT_PROTOTYPES = YES;
				CLANG_WARN_SUSPICIOUS_MOVE = YES;
				CLANG_WARN_UNGUARDED_AVAILABILITY = YES_AGGRESSIVE;
				CLANG_WARN_UNREACHABLE_CODE = YES;
				CLANG_WARN__DUPLICATE_METHOD_MATCH = YES;
				CODE_SIGN_IDENTITY = "iPhone Developer";
				COPY_PHASE_STRIP = NO;
				DEBUG_INFORMATION_FORMAT = "dwarf-with-dsym";
				ENABLE_NS_ASSERTIONS = NO;
				ENABLE_STRICT_OBJC_MSGSEND = YES;
				GCC_C_LANGUAGE_STANDARD = gnu11;
				GCC_NO_COMMON_BLOCKS = YES;
				GCC_WARN_64_TO_32_BIT_CONVERSION = YES;
				GCC_WARN_ABOUT_RETURN_TYPE = YES_ERROR;
				GCC_WARN_UNDECLARED_SELECTOR = YES;
				GCC_WARN_UNINITIALIZED_AUTOS = YES_AGGRESSIVE;
				GCC_WARN_UNUSED_FUNCTION = YES;
				GCC_WARN_UNUSED_VARIABLE = YES;
				IPHONEOS_DEPLOYMENT_TARGET = 11.2;
				MTL_ENABLE_DEBUG_INFO = NO;
				SDKROOT = iphoneos;
				SWIFT_OPTIMIZATION_LEVEL = "-Owholemodule";
				VALIDATE_PRODUCT = YES;
			};
			name = Release;
		};
		520218BE1FE3B85E00B66D10 /* Debug */ = {
			isa = XCBuildConfiguration;
			buildSettings = {
				ASSETCATALOG_COMPILER_APPICON_NAME = AppIcon;
				CODE_SIGN_STYLE = Automatic;
				DEVELOPMENT_TEAM = 845YHJXAK5;
				INFOPLIST_FILE = "sqlite-example/Info.plist";
				LD_RUNPATH_SEARCH_PATHS = "$(inherited) @executable_path/Frameworks";
				PRODUCT_BUNDLE_IDENTIFIER = "com.basicdas.sqlite-example";
				PRODUCT_NAME = "$(TARGET_NAME)";
				SWIFT_VERSION = 4.0;
				TARGETED_DEVICE_FAMILY = "1,2";
			};
			name = Debug;
		};
		520218BF1FE3B85E00B66D10 /* Release */ = {
			isa = XCBuildConfiguration;
			buildSettings = {
				ASSETCATALOG_COMPILER_APPICON_NAME = AppIcon;
				CODE_SIGN_STYLE = Automatic;
				DEVELOPMENT_TEAM = 845YHJXAK5;
				INFOPLIST_FILE = "sqlite-example/Info.plist";
				LD_RUNPATH_SEARCH_PATHS = "$(inherited) @executable_path/Frameworks";
				PRODUCT_BUNDLE_IDENTIFIER = "com.basicdas.sqlite-example";
				PRODUCT_NAME = "$(TARGET_NAME)";
				SWIFT_VERSION = 4.0;
				TARGETED_DEVICE_FAMILY = "1,2";
			};
			name = Release;
		};
/* End XCBuildConfiguration section */

/* Begin XCConfigurationList section */
		520218A61FE3B85E00B66D10 /* Build configuration list for PBXProject "sqlite-example" */ = {
			isa = XCConfigurationList;
			buildConfigurations = (
				520218BB1FE3B85E00B66D10 /* Debug */,
				520218BC1FE3B85E00B66D10 /* Release */,
			);
			defaultConfigurationIsVisible = 0;
			defaultConfigurationName = Release;
		};
		520218BD1FE3B85E00B66D10 /* Build configuration list for PBXNativeTarget "sqlite-example" */ = {
			isa = XCConfigurationList;
			buildConfigurations = (
				520218BE1FE3B85E00B66D10 /* Debug */,
				520218BF1FE3B85E00B66D10 /* Release */,
			);
			defaultConfigurationIsVisible = 0;
			defaultConfigurationName = Release;
		};
/* End XCConfigurationList section */
	};
	rootObject = 520218A31FE3B85E00B66D10 /* Project object */;
}
