// !$*UTF8*$!
{
	archiveVersion = 1;
	classes = {
	};
	objectVersion = 48;
	objects = {

/* Begin PBXBuildFile section */
		520218AF1FE3B85E00B66D10 /* AppDelegate.swift in Sources */ = {isa = PBXBuildFile; fileRef = 520218AE1FE3B85E00B66D10 /* AppDelegate.swift */; };
		520218B11FE3B85E00B66D10 /* ViewController.swift in Sources */ = {isa = PBXBuildFile; fileRef = 520218B01FE3B85E00B66D10 /* ViewController.swift */; };
		520218B41FE3B85E00B66D10 /* Main.storyboard in Resources */ = {isa = PBXBuildFile; fileRef = 520218B21FE3B85E00B66D10 /* Main.storyboard */; };
		520218B61FE3B85E00B66D10 /* Assets.xcassets in Resources */ = {isa = PBXBuildFile; fileRef = 520218B51FE3B85E00B66D10 /* Assets.xcassets */; };
		520218B91FE3B85E00B66D10 /* LaunchScreen.storyboard in Resources */ = {isa = PBXBuildFile; fileRef = 520218B71FE3B85E00B66D10 /* LaunchScreen.storyboard */; };
		520218D91FE3B8A500B66D10 /* SQLite.framework in Frameworks */ = {isa = PBXBuildFile; fileRef = 520218CB1FE3B87C00B66D10 /* SQLite.framework */; };
		520218DA1FE3B8DE00B66D10 /* SQLite.framework in Frameworks */ = {isa = PBXBuildFile; fileRef = 520218CB1FE3B87C00B66D10 /* SQLite.framework */; };
		520218DB1FE3B8DE00B66D10 /* SQLite.framework in Embed Frameworks */ = {isa = PBXBuildFile; fileRef = 520218CB1FE3B87C00B66D10 /* SQLite.framework */; settings = {ATTRIBUTES = (CodeSignOnCopy, RemoveHeadersOnCopy, ); }; };
/* End PBXBuildFile section */

/* Begin PBXContainerItemProxy section */
		520218CA1FE3B87C00B66D10 /* PBXContainerItemProxy */ = {
			isa = PBXContainerItemProxy;
			containerPortal = 520218C01FE3B87C00B66D10 /* SQLite.xcodeproj */;
			proxyType = 2;
			remoteGlobalIDString = EE247AD31C3F04ED00AE3E12;
			remoteInfo = "SQLite iOS";
		};
		520218CC1FE3B87C00B66D10 /* PBXContainerItemProxy */ = {
			isa = PBXContainerItemProxy;
			containerPortal = 520218C01FE3B87C00B66D10 /* SQLite.xcodeproj */;
			proxyType = 2;
			remoteGlobalIDString = EE247ADD1C3F04ED00AE3E12;
			remoteInfo = "SQLiteTests iOS";
		};
		520218CE1FE3B87C00B66D10 /* PBXContainerItemProxy */ = {
			isa = PBXContainerItemProxy;
			containerPortal = 520218C01FE3B87C00B66D10 /* SQLite.xcodeproj */;
			proxyType = 2;
			remoteGlobalIDString = EE247B3C1C3F3ED000AE3E12;
			remoteInfo = "SQLite Mac";
		};
		520218D01FE3B87C00B66D10 /* PBXContainerItemProxy */ = {
			isa = PBXContainerItemProxy;
			containerPortal = 520218C01FE3B87C00B66D10 /* SQLite.xcodeproj */;
			proxyType = 2;
			remoteGlobalIDString = EE247B451C3F3ED000AE3E12;
			remoteInfo = "SQLiteTests Mac";
		};
		520218D21FE3B87C00B66D10 /* PBXContainerItemProxy */ = {
			isa = PBXContainerItemProxy;
			containerPortal = 520218C01FE3B87C00B66D10 /* SQLite.xcodeproj */;
			proxyType = 2;
			remoteGlobalIDString = 03A65E5A1C6BB0F50062603F;
			remoteInfo = "SQLite tvOS";
		};
		520218D41FE3B87C00B66D10 /* PBXContainerItemProxy */ = {
			isa = PBXContainerItemProxy;
			containerPortal = 520218C01FE3B87C00B66D10 /* SQLite.xcodeproj */;
			proxyType = 2;
			remoteGlobalIDString = 03A65E631C6BB0F60062603F;
			remoteInfo = "SQLiteTests tvOS";
		};
		520218D61FE3B87C00B66D10 /* PBXContainerItemProxy */ = {
			isa = PBXContainerItemProxy;
			containerPortal = 520218C01FE3B87C00B66D10 /* SQLite.xcodeproj */;
			proxyType = 2;
			remoteGlobalIDString = A121AC451CA35C79005A31D1;
			remoteInfo = "SQLite watchOS";
		};
		520218DC1FE3B8DE00B66D10 /* PBXContainerItemProxy */ = {
			isa = PBXContainerItemProxy;
			containerPortal = 520218C01FE3B87C00B66D10 /* SQLite.xcodeproj */;
			proxyType = 1;
			remoteGlobalIDString = EE247AD21C3F04ED00AE3E12;
			remoteInfo = "SQLite iOS";
		};
/* End PBXContainerItemProxy section */

/* Begin PBXCopyFilesBuildPhase section */
		520218DE1FE3B8DE00B66D10 /* Embed Frameworks */ = {
			isa = PBXCopyFilesBuildPhase;
			buildActionMask = 2147483647;
			dstPath = "";
			dstSubfolderSpec = 10;
			files = (
				520218DB1FE3B8DE00B66D10 /* SQLite.framework in Embed Frameworks */,
			);
			name = "Embed Frameworks";
			runOnlyForDeploymentPostprocessing = 0;
		};
/* End PBXCopyFilesBuildPhase section */

/* Begin PBXFileReference section */
		520218AB1FE3B85E00B66D10 /* sqlite-example.app */ = {isa = PBXFileReference; explicitFileType = wrapper.application; includeInIndex = 0; path = "sqlite-example.app"; sourceTree = BUILT_PRODUCTS_DIR; };
		520218AE1FE3B85E00B66D10 /* AppDelegate.swift */ = {isa = PBXFileReference; lastKnownFileType = sourcecode.swift; path = AppDelegate.swift; sourceTree = "<group>"; };
		520218B01FE3B85E00B66D10 /* ViewController.swift */ = {isa = PBXFileReference; lastKnownFileType = sourcecode.swift; path = ViewController.swift; sourceTree = "<group>"; };
		520218B31FE3B85E00B66D10 /* Base */ = {isa = PBXFileReference; lastKnownFileType = file.storyboard; name = Base; path = Base.lproj/Main.storyboard; sourceTree = "<group>"; };
		520218B51FE3B85E00B66D10 /* Assets.xcassets */ = {isa = PBXFileReference; lastKnownFileType = folder.assetcatalog; path = Assets.xcassets; sourceTree = "<group>"; };
		520218B81FE3B85E00B66D10 /* Base */ = {isa = PBXFileReference; lastKnownFileType = file.storyboard; name = Base; path = Base.lproj/LaunchScreen.storyboard; sourceTree = "<group>"; };
		520218BA1FE3B85E00B66D10 /* Info.plist */ = {isa = PBXFileReference; lastKnownFileType = text.plist.xml; path = Info.plist; sourceTree = "<group>"; };
		520218C01FE3B87C00B66D10 /* SQLite.xcodeproj */ = {isa = PBXFileReference; lastKnownFileType = "wrapper.pb-project"; name = SQLite.xcodeproj; path = "../../GitHub_resources/SQLite.swift-master/SQLite.xcodeproj"; sourceTree = "<group>"; };
/* End PBXFileReference section */

/* Begin PBXFrameworksBuildPhase section */
		520218A81FE3B85E00B66D10 /* Frameworks */ = {
			isa = PBXFrameworksBuildPhase;
			buildActionMask = 2147483647;
			files = (
				520218DA1FE3B8DE00B66D10 /* SQLite.framework in Frameworks */,
				520218D91FE3B8A500B66D10 /* SQLite.framework in Frameworks */,
			);
			runOnlyForDeploymentPostprocessing = 0;
		};
/* End PBXFrameworksBuildPhase section */

/* Begin PBXGroup section */
		520218A21FE3B85E00B66D10 = {
			isa = PBXGroup;
			children = (
				520218AD1FE3B85E00B66D10 /* sqlite-example */,
				520218AC1FE3B85E00B66D10 /* Products */,
				520218C01FE3B87C00B66D10 /* SQLite.xcodeproj */,
				520218D81FE3B8A500B66D10 /* Frameworks */,
			);
			sourceTree = "<group>";
		};
		520218AC1FE3B85E00B66D10 /* Products */ = {
			isa = PBXGroup;
			children = (
				520218AB1FE3B85E00B66D10 /* sqlite-example.app */,
			);
			name = Products;
			sourceTree = "<group>";
		};
		520218AD1FE3B85E00B66D10 /* sqlite-example */ = {
			isa = PBXGroup;
			children = (
				520218AE1FE3B85E00B66D10 /* AppDelegate.swift */,
				520218B01FE3B85E00B66D10 /* ViewController.swift */,
				520218B21FE3B85E00B66D10 /* Main.storyboard */,
				520218B51FE3B85E00B66D10 /* Assets.xcassets */,
				520218B71FE3B85E00B66D10 /* LaunchScreen.storyboard */,
				520218BA1FE3B85E00B66D10 /* Info.plist */,
			);
			path = "sqlite-example";
			sourceTree = "<group>";
		};
		520218C11FE3B87C00B66D10 /* Products */ = {
			isa = PBXGroup;
			children = (
				520218CB1FE3B87C00B66D10 /* SQLite.framework */,
				520218CD1FE3B87C00B66D10 /* SQLiteTests iOS.xctest */,
				520218CF1FE3B87C00B66D10 /* SQLite.framework */,
				520218D11FE3B87C00B66D10 /* SQLiteTests Mac.xctest */,
				520218D31FE3B87C00B66D10 /* SQLite.framework */,
				520218D51FE3B87C00B66D10 /* SQLiteTests tvOS.xctest */,
				520218D71FE3B87C00B66D10 /* SQLite.framework */,
			);
			name = Products;
			sourceTree = "<group>";
		};
		520218D81FE3B8A500B66D10 /* Frameworks */ = {
			isa = PBXGroup;
			children = (
			);
			name = Frameworks;
			sourceTree = "<group>";
		};
/* End PBXGroup section */

/* Begin PBXNativeTarget section */
		520218AA1FE3B85E00B66D10 /* sqlite-example */ = {
			isa = PBXNativeTarget;
			buildConfigurationList = 520218BD1FE3B85E00B66D10 /* Build configuration list for PBXNativeTarget "sqlite-example" */;
			buildPhases = (
				520218A71FE3B85E00B66D10 /* Sources */,
				520218A81FE3B85E00B66D10 /* Frameworks */,
				520218A91FE3B85E00B66D10 /* Resources */,
				520218DE1FE3B8DE00B66D10 /* Embed Frameworks */,
			);
			buildRules = (
			);
			dependencies = (
				520218DD1FE3B8DE00B66D10 /* PBXTargetDependency */,
			);
			name = "sqlite-example";
			productName = "sqlite-example";
			productReference = 520218AB1FE3B85E00B66D10 /* sqlite-example.app */;
			productType = "com.apple.product-type.application";
		};
/* End PBXNativeTarget section */

/* Begin PBXProject section */
		520218A31FE3B85E00B66D10 /* Project object */ = {
			isa = PBXProject;
			attributes = {
				LastSwiftUpdateCheck = 0920;
				LastUpgradeCheck = 0920;
				ORGANIZATIONNAME = basicdas;
				TargetAttributes = {
					520218AA1FE3B85E00B66D10 = {
						CreatedOnToolsVersion = 9.2;
						ProvisioningStyle = Automatic;
					};
				};
			};
			buildConfigurationList = 520218A61FE3B85E00B66D10 /* Build configuration list for PBXProject "sqlite-example" */;
			compatibilityVersion = "Xcode 8.0";
			developmentRegion = en;
			hasScannedForEncodings = 0;
			knownRegions = (
				en,
				Base,
			);
			mainGroup = 520218A21FE3B85E00B66D10;
			productRefGroup = 520218AC1FE3B85E00B66D10 /* Products */;
			projectDirPath = "";
			projectReferences = (
				{
					ProductGroup = 520218C11FE3B87C00B66D10 /* Products */;
					ProjectRef = 520218C01FE3B87C00B66D10 /* SQLite.xcodeproj */;
				},
			);
			projectRoot = "";
			targets = (
				520218AA1FE3B85E00B66D10 /* sqlite-example */,
			);
		};
/* End PBXProject section */

/* Begin PBXReferenceProxy section */
		520218CB1FE3B87C00B66D10 /* SQLite.framework */ = {
			isa = PBXReferenceProxy;
			fileType = wrapper.framework;
			path = SQLite.framework;
			remoteRef = 520218CA1FE3B87C00B66D10 /* PBXContainerItemProxy */;
			sourceTree = BUILT_PRODUCTS_DIR;
		};
		520218CD1FE3B87C00B66D10 /* SQLiteTests iOS.xctest */ = {
			isa = PBXReferenceProxy;
			fileType = wrapper.cfbundle;
			path = "SQLiteTests iOS.xctest";
			remoteRef = 520218CC1FE3B87C00B66D10 /* PBXContainerItemProxy */;
			sourceTree = BUILT_PRODUCTS_DIR;
		};
		520218CF1FE3B87C00B66D10 /* SQLite.framework */ = {
			isa = PBXReferenceProxy;
			fileType = wrapper.framework;
			path = SQLite.framework;
			remoteRef = 520218CE1FE3B87C00B66D10 /* PBXContainerItemProxy */;
			sourceTree = BUILT_PRODUCTS_DIR;
		};
		520218D11FE3B87C00B66D10 /* SQLiteTests Mac.xctest */ = {
			isa = PBXReferenceProxy;
			fileType = wrapper.cfbundle;
			path = "SQLiteTests Mac.xctest";
			remoteRef = 520218D01FE3B87C00B66D10 /* PBXContainerItemProxy */;
			sourceTree = BUILT_PRODUCTS_DIR;
		};
		520218D31FE3B87C00B66D10 /* SQLite.framework */ = {
			isa = PBXReferenceProxy;
			fileType = wrapper.framework;
			path = SQLite.framework;
			remoteRef = 520218D21FE3B87C00B66D10 /* PBXContainerItemProxy */;
			sourceTree = BUILT_PRODUCTS_DIR;
		};
		520218D51FE3B87C00B66D10 /* SQLiteTests tvOS.xctest */ = {
			isa = PBXReferenceProxy;
			fileType = wrapper.cfbundle;
			path = "SQLiteTests tvOS.xctest";
			remoteRef = 520218D41FE3B87C00B66D10 /* PBXContainerItemProxy */;
			sourceTree = BUILT_PRODUCTS_DIR;
		};
		520218D71FE3B87C00B66D10 /* SQLite.framework */ = {
			isa = PBXReferenceProxy;
			fileType = wrapper.framework;
			path = SQLite.framework;
			remoteRef = 520218D61FE3B87C00B66D10 /* PBXContainerItemProxy */;
			sourceTree = BUILT_PRODUCTS_DIR;
		};
/* End PBXReferenceProxy section */

/* Begin PBXResourcesBuildPhase section */
		520218A91FE3B85E00B66D10 /* Resources */ = {
			isa = PBXResourcesBuildPhase;
			buildActionMask = 2147483647;
			files = (
				520218B91FE3B85E00B66D10 /* LaunchScreen.storyboard in Resources */,
				520218B61FE3B85E00B66D10 /* Assets.xcassets in Resources */,
				520218B41FE3B85E00B66D10 /* Main.storyboard in Resources */,
			);
			runOnlyForDeploymentPostprocessing = 0;
		};
/* End PBXResourcesBuildPhase section */

/* Begin PBXSourcesBuildPhase section */
		520218A71FE3B85E00B66D10 /* Sources */ = {
			isa = PBXSourcesBuildPhase;
			buildActionMask = 2147483647;
			files = (
				520218B11FE3B85E00B66D10 /* ViewController.swift in Sources */,
				520218AF1FE3B85E00B66D10 /* AppDelegate.swift in Sources */,
			);
			runOnlyForDeploymentPostprocessing = 0;
		};
/* End PBXSourcesBuildPhase section */

/* Begin PBXTargetDependency section */
		520218DD1FE3B8DE00B66D10 /* PBXTargetDependency */ = {
			isa = PBXTargetDependency;
			name = "SQLite iOS";
			targetProxy = 520218DC1FE3B8DE00B66D10 /* PBXContainerItemProxy */;
		};
/* End PBXTargetDependency section */

/* Begin PBXVariantGroup section */
		520218B21FE3B85E00B66D10 /* Main.storyboard */ = {
			isa = PBXVariantGroup;
			children = (
				520218B31FE3B85E00B66D10 /* Base */,
			);
			name = Main.storyboard;
			sourceTree = "<group>";
		};
		520218B71FE3B85E00B66D10 /* LaunchScreen.storyboard */ = {
			isa = PBXVariantGroup;
			children = (
				520218B81FE3B85E00B66D10 /* Base */,
			);
			name = LaunchScreen.storyboard;
			sourceTree = "<group>";
		};
/* End PBXVariantGroup section */

/* Begin XCBuildConfiguration section */
		520218BB1FE3B85E00B66D10 /* Debug */ = {
			isa = XCBuildConfiguration;
			buildSettings = {
				ALWAYS_SEARCH_USER_PATHS = NO;
				CLANG_ANALYZER_NONNULL = YES;
				CLANG_ANALYZER_NUMBER_OBJECT_CONVERSION = YES_AGGRESSIVE;
				CLANG_CXX_LANGUAGE_STANDARD = "gnu++14";
				CLANG_CXX_LIBRARY = "libc++";
				CLANG_ENABLE_MODULES = YES;
				CLANG_ENABLE_OBJC_ARC = YES;
				CLANG_WARN_BLOCK_CAPTURE_AUTORELEASING = YES;
				CLANG_WARN_BOOL_CONVERSION = YES;
				CLANG_WARN_COMMA = YES;
				CLANG_WARN_CONSTANT_CONVERSION = YES;
				CLANG_WARN_DIRECT_OBJC_ISA_USAGE = YES_ERROR;
				CLANG_WARN_DOCUMENTATION_COMMENTS = YES;
				CLANG_WARN_EMPTY_BODY = YES;
				CLANG_WARN_ENUM_CONVERSION = YES;
				CLANG_WARN_INFINITE_RECURSION = YES;
				CLANG_WARN_INT_CONVERSION = YES;
				CLANG_WARN_NON_LITERAL_NULL_CONVERSION = YES;
				CLANG_WARN_OBJC_LITERAL_CONVERSION = YES;
				CLANG_WARN_OBJC_ROOT_CLASS = YES_ERROR;
				CLANG_WARN_RANGE_LOOP_ANALYSIS = YES;
				CLANG_WARN_STRICT_PROTOTYPES = YES;
				CLANG_WARN_SUSPICIOUS_MOVE = YES;
				CLANG_WARN_UNGUARDED_AVAILABILITY = YES_AGGRESSIVE;
				CLANG_WARN_UNREACHABLE_CODE = YES;
				CLANG_WARN__DUPLICATE_METHOD_MATCH = YES;
				CODE_SIGN_IDENTITY = "iPhone Developer";
				COPY_PHASE_STRIP = NO;
				DEBUG_INFORMATION_FORMAT = dwarf;
				ENABLE_STRICT_OBJC_MSGSEND = YES;
				ENABLE_TESTABILITY = YES;
				GCC_C_LANGUAGE_STANDARD = gnu11;
				GCC_DYNAMIC_NO_PIC = NO;
				GCC_NO_COMMON_BLOCKS = YES;
				GCC_OPTIMIZATION_LEVEL = 0;
				GCC_PREPROCESSOR_DEFINITIONS = (
					"DEBUG=1",
					"$(inherited)",
				);
				GCC_WARN_64_TO_32_BIT_CONVERSION = YES;
				GCC_WARN_ABOUT_RETURN_TYPE = YES_ERROR;
				GCC_WARN_UNDECLARED_SELECTOR = YES;
				GCC_WARN_UNINITIALIZED_AUTOS = YES_AGGRESSIVE;
				GCC_WARN_UNUSED_FUNCTION = YES;
				GCC_WARN_UNUSED_VARIABLE = YES;
				IPHONEOS_DEPLOYMENT_TARGET = 11.2;
				MTL_ENABLE_DEBUG_INFO = YES;
				ONLY_ACTIVE_ARCH = YES;
				SDKROOT = iphoneos;
				SWIFT_ACTIVE_COMPILATION_CONDITIONS = DEBUG;
				SWIFT_OPTIMIZATION_LEVEL = "-Onone";
			};
			name = Debug;
		};
		520218BC1FE3B85E00B66D10 /* Release */ = {
			isa = XCBuildConfiguration;
			buildSettings = {
				ALWAYS_SEARCH_USER_PATHS = NO;
				CLANG_ANALYZER_NONNULL = YES;
				CLANG_ANALYZER_NUMBER_OBJECT_CONVERSION = YES_AGGRESSIVE;
				CLANG_CXX_LANGUAGE_STANDARD = "gnu++14";
				CLANG_CXX_LIBRARY = "libc++";
				CLANG_ENABLE_MODULES = YES;
				CLANG_ENABLE_OBJC_ARC = YES;
				CLANG_WARN_BLOCK_CAPTURE_AUTORELEASING = YES;
				CLANG_WARN_BOOL_CONVERSION = YES;
				CLANG_WARN_COMMA = YES;
				CLANG_WARN_CONSTANT_CONVERSION = YES;
				CLANG_WARN_DIRECT_OBJC_ISA_USAGE = YES_ERROR;
				CLANG_WARN_DOCUMENTATION_COMMENTS = YES;
				CLANG_WARN_EMPTY_BODY = YES;
				CLANG_WARN_ENUM_CONVERSION = YES;
				CLANG_WARN_INFINITE_RECURSION = YES;
				CLANG_WARN_INT_CONVERSION = YES;
				CLANG_WARN_NON_LITERAL_NULL_CONVERSION = YES;
				CLANG_WARN_OBJC_LITERAL_CONVERSION = YES;
				CLANG_WARN_OBJC_ROOT_CLASS = YES_ERROR;
				CLANG_WARN_RANGE_LOOP_ANALYSIS = YES;
				CLANG_WARN_STRICT_PROTOTYPES = YES;
				CLANG_WARN_SUSPICIOUS_MOVE = YES;
				CLANG_WARN_UNGUARDED_AVAILABILITY = YES_AGGRESSIVE;
				CLANG_WARN_UNREACHABLE_CODE = YES;
				CLANG_WARN__DUPLICATE_METHOD_MATCH = YES;
				CODE_SIGN_IDENTITY = "iPhone Developer";
				COPY_PHASE_STRIP = NO;
				DEBUG_INFORMATION_FORMAT = "dwarf-with-dsym";
				ENABLE_NS_ASSERTIONS = NO;
				ENABLE_STRICT_OBJC_MSGSEND = YES;
				GCC_C_LANGUAGE_STANDARD = gnu11;
				GCC_NO_COMMON_BLOCKS = YES;
				GCC_WARN_64_TO_32_BIT_CONVERSION = YES;
				GCC_WARN_ABOUT_RETURN_TYPE = YES_ERROR;
				GCC_WARN_UNDECLARED_SELECTOR = YES;
				GCC_WARN_UNINITIALIZED_AUTOS = YES_AGGRESSIVE;
				GCC_WARN_UNUSED_FUNCTION = YES;
				GCC_WARN_UNUSED_VARIABLE = YES;
				IPHONEOS_DEPLOYMENT_TARGET = 11.2;
				MTL_ENABLE_DEBUG_INFO = NO;
				SDKROOT = iphoneos;
				SWIFT_OPTIMIZATION_LEVEL = "-Owholemodule";
				VALIDATE_PRODUCT = YES;
			};
			name = Release;
		};
		520218BE1FE3B85E00B66D10 /* Debug */ = {
			isa = XCBuildConfiguration;
			buildSettings = {
				ALWAYS_EMBED_SWIFT_STANDARD_LIBRARIES = YES;
				ASSETCATALOG_COMPILER_APPICON_NAME = AppIcon;
				CODE_SIGN_STYLE = Automatic;
				DEVELOPMENT_TEAM = 845YHJXAK5;
				INFOPLIST_FILE = "sqlite-example/Info.plist";
				LD_RUNPATH_SEARCH_PATHS = "$(inherited) @executable_path/Frameworks";
				PRODUCT_BUNDLE_IDENTIFIER = "com.basicdas.sqlite-example";
				PRODUCT_NAME = "$(TARGET_NAME)";
				SWIFT_VERSION = 4.0;
				TARGETED_DEVICE_FAMILY = "1,2";
			};
			name = Debug;
		};
		520218BF1FE3B85E00B66D10 /* Release */ = {
			isa = XCBuildConfiguration;
			buildSettings = {
				ALWAYS_EMBED_SWIFT_STANDARD_LIBRARIES = YES;
				ASSETCATALOG_COMPILER_APPICON_NAME = AppIcon;
				CODE_SIGN_STYLE = Automatic;
				DEVELOPMENT_TEAM = 845YHJXAK5;
				INFOPLIST_FILE = "sqlite-example/Info.plist";
				LD_RUNPATH_SEARCH_PATHS = "$(inherited) @executable_path/Frameworks";
				PRODUCT_BUNDLE_IDENTIFIER = "com.basicdas.sqlite-example";
				PRODUCT_NAME = "$(TARGET_NAME)";
				SWIFT_VERSION = 4.0;
				TARGETED_DEVICE_FAMILY = "1,2";
			};
			name = Release;
		};
/* End XCBuildConfiguration section */

/* Begin XCConfigurationList section */
		520218A61FE3B85E00B66D10 /* Build configuration list for PBXProject "sqlite-example" */ = {
			isa = XCConfigurationList;
			buildConfigurations = (
				520218BB1FE3B85E00B66D10 /* Debug */,
				520218BC1FE3B85E00B66D10 /* Release */,
			);
			defaultConfigurationIsVisible = 0;
			defaultConfigurationName = Release;
		};
		520218BD1FE3B85E00B66D10 /* Build configuration list for PBXNativeTarget "sqlite-example" */ = {
			isa = XCConfigurationList;
			buildConfigurations = (
				520218BE1FE3B85E00B66D10 /* Debug */,
				520218BF1FE3B85E00B66D10 /* Release */,
			);
			defaultConfigurationIsVisible = 0;
			defaultConfigurationName = Release;
		};
/* End XCConfigurationList section */
	};
	rootObject = 520218A31FE3B85E00B66D10 /* Project object */;
}
